
Microsoft Visual Studio Solution File, Format Version 12.00
# Visual Studio Version 17
VisualStudioVersion = 17.3.32929.385
MinimumVisualStudioVersion = 10.0.40219.1
Project("{FAE04EC0-301F-11D3-BF4B-00C04F79EFBC}") = "capitulo 3", "capitulo 3\capitulo 3.csproj", "{7C328DA6-5386-4E96-ACD6-4495A33E7527}"
EndProject
Global
	GlobalSection(SolutionConfigurationPlatforms) = preSolution
		Debug|Any CPU = Debug|Any CPU
		Release|Any CPU = Release|Any CPU
	EndGlobalSection
	GlobalSection(ProjectConfigurationPlatforms) = postSolution
		{7C328DA6-5386-4E96-ACD6-4495A33E7527}.Debug|Any CPU.ActiveCfg = Debug|Any CPU
		{7C328DA6-5386-4E96-ACD6-4495A33E7527}.Debug|Any CPU.Build.0 = Debug|Any CPU
		{7C328DA6-5386-4E96-ACD6-4495A33E7527}.Release|Any CPU.ActiveCfg = Release|Any CPU
		{7C328DA6-5386-4E96-ACD6-4495A33E7527}.Release|Any CPU.Build.0 = Release|Any CPU
	EndGlobalSection
	GlobalSection(SolutionProperties) = preSolution
		HideSolutionNode = FALSE
	EndGlobalSection
	GlobalSection(ExtensibilityGlobals) = postSolution
		SolutionGuid = {E0CAF451-DEE1-46A0-8A78-7904A3969ADB}
	EndGlobalSection
EndGlobal
